KERNEL_URL=https://github.com/exynos8895/android_kernel_samsung_universal8895.git
KERNEL_BRANCH=lineage-18.1
KERNEL_COMMIT=8d79a2d98eeb0100f890121dd5893b5d2e0b8d9c
DEVICE_URL=https://github.com/exynos8895/android_device_samsung_dream2lte.git
DEVICE_COMMIT=5ebf229b7e7c839f3c767f8319cfaba0a572ff95
COMMON_DEVICE_URL=https://github.com/exynos8895/android_device_samsung_universal8895-common.git
COMMON_DEVICE_COMMIT=6d6dd148c45cf3a8721b302016044218618b3b59
HARDWARE_SAMSUNG_URL=https://github.com/LineageOS/android_hardware_samsung.git
HARDWARE_SAMSUNG_COMMIT=6710479da9e205360dc9097a7aa264bb40e6e5be
INITRAMFS_URL=https://github.com/Halium/initramfs-tools-halium/releases/download/dynparts/initrd.img-touch-arm64
INITRAMFS_SHA256=da1073d025e3ffca88b70463841509260e364771ce0733ed76a0b6eaf7eedc8e
MKBOOTIMG_URL=https://gitlab.com/ubports/porting/community-ports/android11/samsung-galaxy-s7/samsung-exynos8890/-/raw/650a0dbb83edeeb25c1cb64ec954a59443e8afd8/mkbootimg_modified/mkbootimg
MKBOOTIMG_SHA256=2d063354782124b0b51d5c4b254a4b2cd1fe5b46bc1c10d55418f1cad8098465
LINEAGE_ROM_URL=https://github.com/ivanmeler/ota_provider/releases/download/dream2lte_lineage-18.1_1751141360/lineage-18.1-20250628-UNOFFICIAL-dream2lte.zip
LINEAGE_ROM_SHA256=0d6e801bd74d97bba3ebdda8685e88726bb8d10fee836ba2b8b9ef962a5aff30
LINEAGE_ROM_SIZE=712808929
SDAT2IMG_URL=https://github.com/xpirt/sdat2img.git
SDAT2IMG_COMMIT=0eec6c264645ad610169b3c807175c437e1f3aa4
